// !$*UTF8*$!
{
	archiveVersion = 1;
	classes = {
	};
	objectVersion = 50;
	objects = {

/* Begin PBXBuildFile section */
		1E1AC52A250F4E7400196E8A /* AppDelegate.swift in Sources */ = {isa = PBXBuildFile; fileRef = 1E1AC529250F4E7400196E8A /* AppDelegate.swift */; };
		1E1AC52C250F4E7400196E8A /* SceneDelegate.swift in Sources */ = {isa = PBXBuildFile; fileRef = 1E1AC52B250F4E7400196E8A /* SceneDelegate.swift */; };
		1E1AC531250F4E7400196E8A /* Main.storyboard in Resources */ = {isa = PBXBuildFile; fileRef = 1E1AC52F250F4E7400196E8A /* Main.storyboard */; };
		1E1AC533250F4E7600196E8A /* Assets.xcassets in Resources */ = {isa = PBXBuildFile; fileRef = 1E1AC532250F4E7600196E8A /* Assets.xcassets */; };
		1E1AC536250F4E7600196E8A /* LaunchScreen.storyboard in Resources */ = {isa = PBXBuildFile; fileRef = 1E1AC534250F4E7600196E8A /* LaunchScreen.storyboard */; };
		1E1AC542250F5BD200196E8A /* MovieViewController.swift in Sources */ = {isa = PBXBuildFile; fileRef = 1E1AC541250F5BD200196E8A /* MovieViewController.swift */; };
		1E1AC546250F5CA000196E8A /* MovieTableViewCell.swift in Sources */ = {isa = PBXBuildFile; fileRef = 1E1AC545250F5CA000196E8A /* MovieTableViewCell.swift */; };
		1E1AC548250F617200196E8A /* FlimData.swift in Sources */ = {isa = PBXBuildFile; fileRef = 1E1AC547250F617200196E8A /* FlimData.swift */; };
/* End PBXBuildFile section */

/* Begin PBXFileReference section */
		1E1AC526250F4E7400196E8A /* MyMovieRate.app */ = {isa = PBXFileReference; explicitFileType = wrapper.application; includeInIndex = 0; path = MyMovieRate.app; sourceTree = BUILT_PRODUCTS_DIR; };
		1E1AC529250F4E7400196E8A /* AppDelegate.swift */ = {isa = PBXFileReference; lastKnownFileType = sourcecode.swift; path = AppDelegate.swift; sourceTree = "<group>"; };
		1E1AC52B250F4E7400196E8A /* SceneDelegate.swift */ = {isa = PBXFileReference; lastKnownFileType = sourcecode.swift; path = SceneDelegate.swift; sourceTree = "<group>"; };
		1E1AC530250F4E7400196E8A /* Base */ = {isa = PBXFileReference; lastKnownFileType = file.storyboard; name = Base; path = Base.lproj/Main.storyboard; sourceTree = "<group>"; };
		1E1AC532250F4E7600196E8A /* Assets.xcassets */ = {isa = PBXFileReference; lastKnownFileType = folder.assetcatalog; path = Assets.xcassets; sourceTree = "<group>"; };
		1E1AC535250F4E7600196E8A /* Base */ = {isa = PBXFileReference; lastKnownFileType = file.storyboard; name = Base; path = Base.lproj/LaunchScreen.storyboard; sourceTree = "<group>"; };
		1E1AC537250F4E7600196E8A /* Info.plist */ = {isa = PBXFileReference; lastKnownFileType = text.plist.xml; path = Info.plist; sourceTree = "<group>"; };
		1E1AC541250F5BD200196E8A /* MovieViewController.swift */ = {isa = PBXFileReference; lastKnownFileType = sourcecode.swift; path = MovieViewController.swift; sourceTree = "<group>"; };
		1E1AC545250F5CA000196E8A /* MovieTableViewCell.swift */ = {isa = PBXFileReference; lastKnownFileType = sourcecode.swift; path = MovieTableViewCell.swift; sourceTree = "<group>"; };
		1E1AC547250F617200196E8A /* FlimData.swift */ = {isa = PBXFileReference; lastKnownFileType = sourcecode.swift; path = FlimData.swift; sourceTree = "<group>"; };
/* End PBXFileReference section */

/* Begin PBXFrameworksBuildPhase section */
		1E1AC523250F4E7400196E8A /* Frameworks */ = {
			isa = PBXFrameworksBuildPhase;
			buildActionMask = 2147483647;
			files = (
			);
			runOnlyForDeploymentPostprocessing = 0;
		};
/* End PBXFrameworksBuildPhase section */

/* Begin PBXGroup section */
		1E1AC51D250F4E7400196E8A = {
			isa = PBXGroup;
			children = (
				1E1AC528250F4E7400196E8A /* MyMovieRate */,
				1E1AC527250F4E7400196E8A /* Products */,
			);
			sourceTree = "<group>";
		};
		1E1AC527250F4E7400196E8A /* Products */ = {
			isa = PBXGroup;
			children = (
				1E1AC526250F4E7400196E8A /* MyMovieRate.app */,
			);
			name = Products;
			sourceTree = "<group>";
		};
		1E1AC528250F4E7400196E8A /* MyMovieRate */ = {
			isa = PBXGroup;
			children = (
				1EB8CA0A2510A54700D51AE6 /* Storyboard */,
				1EB8CA072510A47300D51AE6 /* Model */,
				1EB8CA082510A4B100D51AE6 /* View */,
				1EB8CA092510A50200D51AE6 /* Controller */,
				1E1AC529250F4E7400196E8A /* AppDelegate.swift */,
				1E1AC52B250F4E7400196E8A /* SceneDelegate.swift */,
				1E1AC532250F4E7600196E8A /* Assets.xcassets */,
				1E1AC534250F4E7600196E8A /* LaunchScreen.storyboard */,
				1E1AC537250F4E7600196E8A /* Info.plist */,
			);
			path = MyMovieRate;
			sourceTree = "<group>";
		};
		1EB8CA072510A47300D51AE6 /* Model */ = {
			isa = PBXGroup;
			children = (
				1E1AC547250F617200196E8A /* FlimData.swift */,
			);
			path = Model;
			sourceTree = "<group>";
		};
		1EB8CA082510A4B100D51AE6 /* View */ = {
			isa = PBXGroup;
			children = (
				1E1AC545250F5CA000196E8A /* MovieTableViewCell.swift */,
			);
			path = View;
			sourceTree = "<group>";
		};
		1EB8CA092510A50200D51AE6 /* Controller */ = {
			isa = PBXGroup;
			children = (
				1E1AC541250F5BD200196E8A /* MovieViewController.swift */,
			);
			path = Controller;
			sourceTree = "<group>";
		};
		1EB8CA0A2510A54700D51AE6 /* Storyboard */ = {
			isa = PBXGroup;
			children = (
				1E1AC52F250F4E7400196E8A /* Main.storyboard */,
			);
			path = Storyboard;
			sourceTree = "<group>";
		};
/* End PBXGroup section */

/* Begin PBXNativeTarget section */
		1E1AC525250F4E7400196E8A /* MyMovieRate */ = {
			isa = PBXNativeTarget;
			buildConfigurationList = 1E1AC53A250F4E7600196E8A /* Build configuration list for PBXNativeTarget "MyMovieRate" */;
			buildPhases = (
				1E1AC522250F4E7400196E8A /* Sources */,
				1E1AC523250F4E7400196E8A /* Frameworks */,
				1E1AC524250F4E7400196E8A /* Resources */,
			);
			buildRules = (
			);
			dependencies = (
			);
			name = MyMovieRate;
			productName = MyMovieRate;
			productReference = 1E1AC526250F4E7400196E8A /* MyMovieRate.app */;
			productType = "com.apple.product-type.application";
		};
/* End PBXNativeTarget section */

/* Begin PBXProject section */
		1E1AC51E250F4E7400196E8A /* Project object */ = {
			isa = PBXProject;
			attributes = {
				LastSwiftUpdateCheck = 1160;
				LastUpgradeCheck = 1160;
				ORGANIZATIONNAME = Ethan;
				TargetAttributes = {
					1E1AC525250F4E7400196E8A = {
						CreatedOnToolsVersion = 11.6;
					};
				};
			};
			buildConfigurationList = 1E1AC521250F4E7400196E8A /* Build configuration list for PBXProject "MyMovieRate" */;
			compatibilityVersion = "Xcode 9.3";
			developmentRegion = en;
			hasScannedForEncodings = 0;
			knownRegions = (
				en,
				Base,
			);
			mainGroup = 1E1AC51D250F4E7400196E8A;
			productRefGroup = 1E1AC527250F4E7400196E8A /* Products */;
			projectDirPath = "";
			projectRoot = "";
			targets = (
				1E1AC525250F4E7400196E8A /* MyMovieRate */,
			);
		};
/* End PBXProject section */

/* Begin PBXResourcesBuildPhase section */
		1E1AC524250F4E7400196E8A /* Resources */ = {
			isa = PBXResourcesBuildPhase;
			buildActionMask = 2147483647;
			files = (
				1E1AC536250F4E7600196E8A /* LaunchScreen.storyboard in Resources */,
				1E1AC533250F4E7600196E8A /* Assets.xcassets in Resources */,
				1E1AC531250F4E7400196E8A /* Main.storyboard in Resources */,
			);
			runOnlyForDeploymentPostprocessing = 0;
		};
/* End PBXResourcesBuildPhase section */

/* Begin PBXSourcesBuildPhase section */
		1E1AC522250F4E7400196E8A /* Sources */ = {
			isa = PBXSourcesBuildPhase;
			buildActionMask = 2147483647;
			files = (
				1E1AC52A250F4E7400196E8A /* AppDelegate.swift in Sources */,
				1E1AC52C250F4E7400196E8A /* SceneDelegate.swift in Sources */,
				1E1AC546250F5CA000196E8A /* MovieTableViewCell.swift in Sources */,
				1E1AC548250F617200196E8A /* FlimData.swift in Sources */,
				1E1AC542250F5BD200196E8A /* MovieViewController.swift in Sources */,
			);
			runOnlyForDeploymentPostprocessing = 0;
		};
/* End PBXSourcesBuildPhase section */

/* Begin PBXVariantGroup section */
		1E1AC52F250F4E7400196E8A /* Main.storyboard */ = {
			isa = PBXVariantGroup;
			children = (
				1E1AC530250F4E7400196E8A /* Base */,
			);
			name = Main.storyboard;
			sourceTree = "<group>";
		};
		1E1AC534250F4E7600196E8A /* LaunchScreen.storyboard */ = {
			isa = PBXVariantGroup;
			children = (
				1E1AC535250F4E7600196E8A /* Base */,
			);
			name = LaunchScreen.storyboard;
			sourceTree = "<group>";
		};
/* End PBXVariantGroup section */

/* Begin XCBuildConfiguration section */
		1E1AC538250F4E7600196E8A /* Debug */ = {
			isa = XCBuildConfiguration;
			buildSettings = {
				ALWAYS_SEARCH_USER_PATHS = NO;
				CLANG_ANALYZER_NONNULL = YES;
				CLANG_ANALYZER_NUMBER_OBJECT_CONVERSION = YES_AGGRESSIVE;
				CLANG_CXX_LANGUAGE_STANDARD = "gnu++14";
				CLANG_CXX_LIBRARY = "libc++";
				CLANG_ENABLE_MODULES = YES;
				CLANG_ENABLE_OBJC_ARC = YES;
				CLANG_ENABLE_OBJC_WEAK = YES;
				CLANG_WARN_BLOCK_CAPTURE_AUTORELEASING = YES;
				CLANG_WARN_BOOL_CONVERSION = YES;
				CLANG_WARN_COMMA = YES;
				CLANG_WARN_CONSTANT_CONVERSION = YES;
				CLANG_WARN_DEPRECATED_OBJC_IMPLEMENTATIONS = YES;
				CLANG_WARN_DIRECT_OBJC_ISA_USAGE = YES_ERROR;
				CLANG_WARN_DOCUMENTATION_COMMENTS = YES;
				CLANG_WARN_EMPTY_BODY = YES;
				CLANG_WARN_ENUM_CONVERSION = YES;
				CLANG_WARN_INFINITE_RECURSION = YES;
				CLANG_WARN_INT_CONVERSION = YES;
				CLANG_WARN_NON_LITERAL_NULL_CONVERSION = YES;
				CLANG_WARN_OBJC_IMPLICIT_RETAIN_SELF = YES;
				CLANG_WARN_OBJC_LITERAL_CONVERSION = YES;
				CLANG_WARN_OBJC_ROOT_CLASS = YES_ERROR;
				CLANG_WARN_RANGE_LOOP_ANALYSIS = YES;
				CLANG_WARN_STRICT_PROTOTYPES = YES;
				CLANG_WARN_SUSPICIOUS_MOVE = YES;
				CLANG_WARN_UNGUARDED_AVAILABILITY = YES_AGGRESSIVE;
				CLANG_WARN_UNREACHABLE_CODE = YES;
				CLANG_WARN__DUPLICATE_METHOD_MATCH = YES;
				COPY_PHASE_STRIP = NO;
				DEBUG_INFORMATION_FORMAT = dwarf;
				ENABLE_STRICT_OBJC_MSGSEND = YES;
				ENABLE_TESTABILITY = YES;
				GCC_C_LANGUAGE_STANDARD = gnu11;
				GCC_DYNAMIC_NO_PIC = NO;
				GCC_NO_COMMON_BLOCKS = YES;
				GCC_OPTIMIZATION_LEVEL = 0;
				GCC_PREPROCESSOR_DEFINITIONS = (
					"DEBUG=1",
					"$(inherited)",
				);
				GCC_WARN_64_TO_32_BIT_CONVERSION = YES;
				GCC_WARN_ABOUT_RETURN_TYPE = YES_ERROR;
				GCC_WARN_UNDECLARED_SELECTOR = YES;
				GCC_WARN_UNINITIALIZED_AUTOS = YES_AGGRESSIVE;
				GCC_WARN_UNUSED_FUNCTION = YES;
				GCC_WARN_UNUSED_VARIABLE = YES;
				IPHONEOS_DEPLOYMENT_TARGET = 13.6;
				MTL_ENABLE_DEBUG_INFO = INCLUDE_SOURCE;
				MTL_FAST_MATH = YES;
				ONLY_ACTIVE_ARCH = YES;
				SDKROOT = iphoneos;
				SWIFT_ACTIVE_COMPILATION_CONDITIONS = DEBUG;
				SWIFT_OPTIMIZATION_LEVEL = "-Onone";
			};
			name = Debug;
		};
		1E1AC539250F4E7600196E8A /* Release */ = {
			isa = XCBuildConfiguration;
			buildSettings = {
				ALWAYS_SEARCH_USER_PATHS = NO;
				CLANG_ANALYZER_NONNULL = YES;
				CLANG_ANALYZER_NUMBER_OBJECT_CONVERSION = YES_AGGRESSIVE;
				CLANG_CXX_LANGUAGE_STANDARD = "gnu++14";
				CLANG_CXX_LIBRARY = "libc++";
				CLANG_ENABLE_MODULES = YES;
				CLANG_ENABLE_OBJC_ARC = YES;
				CLANG_ENABLE_OBJC_WEAK = YES;
				CLANG_WARN_BLOCK_CAPTURE_AUTORELEASING = YES;
				CLANG_WARN_BOOL_CONVERSION = YES;
				CLANG_WARN_COMMA = YES;
				CLANG_WARN_CONSTANT_CONVERSION = YES;
				CLANG_WARN_DEPRECATED_OBJC_IMPLEMENTATIONS = YES;
				CLANG_WARN_DIRECT_OBJC_ISA_USAGE = YES_ERROR;
				CLANG_WARN_DOCUMENTATION_COMMENTS = YES;
				CLANG_WARN_EMPTY_BODY = YES;
				CLANG_WARN_ENUM_CONVERSION = YES;
				CLANG_WARN_INFINITE_RECURSION = YES;
				CLANG_WARN_INT_CONVERSION = YES;
				CLANG_WARN_NON_LITERAL_NULL_CONVERSION = YES;
				CLANG_WARN_OBJC_IMPLICIT_RETAIN_SELF = YES;
				CLANG_WARN_OBJC_LITERAL_CONVERSION = YES;
				CLANG_WARN_OBJC_ROOT_CLASS = YES_ERROR;
				CLANG_WARN_RANGE_LOOP_ANALYSIS = YES;
				CLANG_WARN_STRICT_PROTOTYPES = YES;
				CLANG_WARN_SUSPICIOUS_MOVE = YES;
				CLANG_WARN_UNGUARDED_AVAILABILITY = YES_AGGRESSIVE;
				CLANG_WARN_UNREACHABLE_CODE = YES;
				CLANG_WARN__DUPLICATE_METHOD_MATCH = YES;
				COPY_PHASE_STRIP = NO;
				DEBUG_INFORMATION_FORMAT = "dwarf-with-dsym";
				ENABLE_NS_ASSERTIONS = NO;
				ENABLE_STRICT_OBJC_MSGSEND = YES;
				GCC_C_LANGUAGE_STANDARD = gnu11;
				GCC_NO_COMMON_BLOCKS = YES;
				GCC_WARN_64_TO_32_BIT_CONVERSION = YES;
				GCC_WARN_ABOUT_RETURN_TYPE = YES_ERROR;
				GCC_WARN_UNDECLARED_SELECTOR = YES;
				GCC_WARN_UNINITIALIZED_AUTOS = YES_AGGRESSIVE;
				GCC_WARN_UNUSED_FUNCTION = YES;
				GCC_WARN_UNUSED_VARIABLE = YES;
				IPHONEOS_DEPLOYMENT_TARGET = 13.6;
				MTL_ENABLE_DEBUG_INFO = NO;
				MTL_FAST_MATH = YES;
				SDKROOT = iphoneos;
				SWIFT_COMPILATION_MODE = wholemodule;
				SWIFT_OPTIMIZATION_LEVEL = "-O";
				VALIDATE_PRODUCT = YES;
			};
			name = Release;
		};
		1E1AC53B250F4E7600196E8A /* Debug */ = {
			isa = XCBuildConfiguration;
			buildSettings = {
				ASSETCATALOG_COMPILER_APPICON_NAME = AppIcon;
				CODE_SIGN_STYLE = Automatic;
				DEVELOPMENT_TEAM = 58ATZT5Y35;
				INFOPLIST_FILE = MyMovieRate/Info.plist;
				LD_RUNPATH_SEARCH_PATHS = (
					"$(inherited)",
					"@executable_path/Frameworks",
				);
				PRODUCT_BUNDLE_IDENTIFIER = com..MyMovieRate;
				PRODUCT_NAME = "$(TARGET_NAME)";
				SWIFT_VERSION = 5.0;
				TARGETED_DEVICE_FAMILY = 1;
			};
			name = Debug;
		};
		1E1AC53C250F4E7600196E8A /* Release */ = {
			isa = XCBuildConfiguration;
			buildSettings = {
				ASSETCATALOG_COMPILER_APPICON_NAME = AppIcon;
				CODE_SIGN_STYLE = Automatic;
				DEVELOPMENT_TEAM = 58ATZT5Y35;
				INFOPLIST_FILE = MyMovieRate/Info.plist;
				LD_RUNPATH_SEARCH_PATHS = (
					"$(inherited)",
					"@executable_path/Frameworks",
				);
				PRODUCT_BUNDLE_IDENTIFIER = com..MyMovieRate;
				PRODUCT_NAME = "$(TARGET_NAME)";
				SWIFT_VERSION = 5.0;
				TARGETED_DEVICE_FAMILY = 1;
			};
			name = Release;
		};
/* End XCBuildConfiguration section */

/* Begin XCConfigurationList section */
		1E1AC521250F4E7400196E8A /* Build configuration list for PBXProject "MyMovieRate" */ = {
			isa = XCConfigurationList;
			buildConfigurations = (
				1E1AC538250F4E7600196E8A /* Debug */,
				1E1AC539250F4E7600196E8A /* Release */,
			);
			defaultConfigurationIsVisible = 0;
			defaultConfigurationName = Release;
		};
		1E1AC53A250F4E7600196E8A /* Build configuration list for PBXNativeTarget "MyMovieRate" */ = {
			isa = XCConfigurationList;
			buildConfigurations = (
				1E1AC53B250F4E7600196E8A /* Debug */,
				1E1AC53C250F4E7600196E8A /* Release */,
			);
			defaultConfigurationIsVisible = 0;
			defaultConfigurationName = Release;
		};
/* End XCConfigurationList section */
	};
	rootObject = 1E1AC51E250F4E7400196E8A /* Project object */;
}
